<?xml version="1.0" encoding="utf-8"?>
<Project ToolsVersion="4.0" xmlns="http://schemas.microsoft.com/developer/msbuild/2003">
  <ItemGroup>
    <Filter Include="Source Files">
      <UniqueIdentifier>{4FC737F1-C7A5-4376-A066-2A32D752A2FF}</UniqueIdentifier>
      <Extensions>cpp;c;cc;cxx;c++;cppm;ixx;def;odl;idl;hpj;bat;asm;asmx</Extensions>
    </Filter>
    <Filter Include="Header Files">
      <UniqueIdentifier>{93995380-89BD-4b04-88EB-625FBE52EBFB}</UniqueIdentifier>
      <Extensions>h;hh;hpp;hxx;h++;hm;inl;inc;ipp;xsd</Extensions>
    </Filter>
    <Filter Include="Resource Files">
      <UniqueIdentifier>{67DA6AB6-F800-4c08-8B7A-83BB121AAD01}</UniqueIdentifier>
      <Extensions>rc;ico;cur;bmp;dlg;rc2;rct;bin;rgs;gif;jpg;jpeg;jpe;resx;tiff;tif;png;wav;mfcribbon-ms</Extensions>
    </Filter>
  </ItemGroup>
  <ItemGroup>
    <None Include="packages.config" />
  </ItemGroup>
  <ItemGroup>
    <ClCompile Include="main.cpp">
      <Filter>Source Files</Filter>
    </ClCompile>
    <ClCompile Include="source_files\assimp.cpp">
      <Filter>Source Files</Filter>
    </ClCompile>
    <ClCompile Include="source_files\camera.cpp">
      <Filter>Source Files</Filter>
    </ClCompile>
    <ClCompile Include="source_files\geometry.cpp">
      <Filter>Source Files</Filter>
    </ClCompile>
    <ClCompile Include="source_files\init.cpp">
      <Filter>Source Files</Filter>
    </ClCompile>
    <ClCompile Include="source_files\interactions.cpp">
      <Filter>Source Files</Filter>
    </ClCompile>
    <ClCompile Include="source_files\menu.cpp">
      <Filter>Source Files</Filter>
    </ClCompile>
    <ClCompile Include="source_files\mesh.cpp">
      <Filter>Source Files</Filter>
    </ClCompile>
    <ClCompile Include="source_files\shaderMaker.cpp">
      <Filter>Source Files</Filter>
    </ClCompile>
    <ClCompile Include="source_files\text.cpp">
      <Filter>Source Files</Filter>
    </ClCompile>
    <ClCompile Include="source_files\texture.cpp">
      <Filter>Source Files</Filter>
    </ClCompile>
    <ClCompile Include="source_files\VAO_manager.cpp">
      <Filter>Source Files</Filter>
    </ClCompile>
  </ItemGroup>
  <ItemGroup>
    <ClInclude Include="header_files\assimp.hpp">
      <Filter>Header Files</Filter>
    </ClInclude>
    <ClInclude Include="header_files\camera.h">
      <Filter>Header Files</Filter>
    </ClInclude>
    <ClInclude Include="header_files\geometry.h">
      <Filter>Header Files</Filter>
    </ClInclude>
    <ClInclude Include="header_files\init.h">
      <Filter>Header Files</Filter>
    </ClInclude>
    <ClInclude Include="header_files\interactions.h">
      <Filter>Header Files</Filter>
    </ClInclude>
    <ClInclude Include="header_files\light_materials.hpp">
      <Filter>Header Files</Filter>
    </ClInclude>
    <ClInclude Include="header_files\menu.hpp">
      <Filter>Header Files</Filter>
    </ClInclude>
    <ClInclude Include="header_files\mesh.hpp">
      <Filter>Header Files</Filter>
    </ClInclude>
    <ClInclude Include="header_files\shaderMaker.h">
      <Filter>Header Files</Filter>
    </ClInclude>
    <ClInclude Include="header_files\stb_image.h">
      <Filter>Header Files</Filter>
    </ClInclude>
    <ClInclude Include="header_files\text.h">
      <Filter>Header Files</Filter>
    </ClInclude>
    <ClInclude Include="header_files\texture.hpp">
      <Filter>Header Files</Filter>
    </ClInclude>
    <ClInclude Include="header_files\VAO_manager.h">
      <Filter>Header Files</Filter>
    </ClInclude>
    <ClInclude Include="header_files\view.h">
      <Filter>Header Files</Filter>
    </ClInclude>
    <ClInclude Include="lib.h">
      <Filter>Header Files</Filter>
    </ClInclude>
    <ClInclude Include="utilities.h">
      <Filter>Header Files</Filter>
    </ClInclude>
  </ItemGroup>
</Project>